
Microsoft Visual Studio Solution File, Format Version 12.00
# Visual Studio Version 16
VisualStudioVersion = 16.0.31729.503
MinimumVisualStudioVersion = 10.0.40219.1
Project("{9A19103F-16F7-4668-BE54-9A1E7A4F7556}") = "ecom-API", "ecom-API\ecom-API.csproj", "{09C2C2F2-C660-4740-B599-CD0C2B8E460A}"
EndProject
Project("{FAE04EC0-301F-11D3-BF4B-00C04F79EFBC}") = "Core", "Core\Core.csproj", "{202C4E74-78A1-4B5A-80CF-6B435D56D4DC}"
EndProject
Project("{FAE04EC0-301F-11D3-BF4B-00C04F79EFBC}") = "Infrastructure", "Infrastructure\Infrastructure.csproj", "{50796FA6-36C3-4DD9-93EB-4B348FAAEFCE}"
EndProject
Global
	GlobalSection(SolutionConfigurationPlatforms) = preSolution
		Debug|Any CPU = Debug|Any CPU
		Release|Any CPU = Release|Any CPU
	EndGlobalSection
	GlobalSection(ProjectConfigurationPlatforms) = postSolution
		{09C2C2F2-C660-4740-B599-CD0C2B8E460A}.Debug|Any CPU.ActiveCfg = Debug|Any CPU
		{09C2C2F2-C660-4740-B599-CD0C2B8E460A}.Debug|Any CPU.Build.0 = Debug|Any CPU
		{09C2C2F2-C660-4740-B599-CD0C2B8E460A}.Release|Any CPU.ActiveCfg = Release|Any CPU
		{09C2C2F2-C660-4740-B599-CD0C2B8E460A}.Release|Any CPU.Build.0 = Release|Any CPU
		{202C4E74-78A1-4B5A-80CF-6B435D56D4DC}.Debug|Any CPU.ActiveCfg = Debug|Any CPU
		{202C4E74-78A1-4B5A-80CF-6B435D56D4DC}.Debug|Any CPU.Build.0 = Debug|Any CPU
		{202C4E74-78A1-4B5A-80CF-6B435D56D4DC}.Release|Any CPU.ActiveCfg = Release|Any CPU
		{202C4E74-78A1-4B5A-80CF-6B435D56D4DC}.Release|Any CPU.Build.0 = Release|Any CPU
		{50796FA6-36C3-4DD9-93EB-4B348FAAEFCE}.Debug|Any CPU.ActiveCfg = Debug|Any CPU
		{50796FA6-36C3-4DD9-93EB-4B348FAAEFCE}.Debug|Any CPU.Build.0 = Debug|Any CPU
		{50796FA6-36C3-4DD9-93EB-4B348FAAEFCE}.Release|Any CPU.ActiveCfg = Release|Any CPU
		{50796FA6-36C3-4DD9-93EB-4B348FAAEFCE}.Release|Any CPU.Build.0 = Release|Any CPU
	EndGlobalSection
	GlobalSection(SolutionProperties) = preSolution
		HideSolutionNode = FALSE
	EndGlobalSection
	GlobalSection(ExtensibilityGlobals) = postSolution
		SolutionGuid = {7A58B45C-0512-4AAD-ABBD-D622B247E25F}
	EndGlobalSection
EndGlobal
